# THIS IS AN AUTOGENERATED FILE. DO NOT EDIT THIS FILE DIRECTLY.
# yarn lockfile v1


"@ant-design/colors@^7.0.0":
  version "7.0.0"
  resolved "https://registry.yarnpkg.com/@ant-design/colors/-/colors-7.0.0.tgz#eb7eecead124c3533aea05d61254f0a17f2b61b3"
  integrity sha512-iVm/9PfGCbC0dSMBrz7oiEXZaaGH7ceU40OJEfKmyuzR9R5CRimJYPlRiFtMQGQcbNMea/ePcoIebi4ASGYXtg==
  dependencies:
    "@ctrl/tinycolor" "^3.4.0"

"@ant-design/cssinjs@^1.9.1":
  version "1.9.1"
  resolved "https://registry.yarnpkg.com/@ant-design/cssinjs/-/cssinjs-1.9.1.tgz#cc2e602afab14c795af20fd22b3f9d5ccf304d8a"
  integrity sha512-CZt1vCMs/sY7RoacYuIkZwQmb8Bhp99ReNNE9Y8lnUzik8fmCdKAQA7ecvVOFwmNFdcBHga7ye/XIRrsbkiqWw==
  dependencies:
    "@babel/runtime" "^7.11.1"
    "@emotion/hash" "^0.8.0"
    "@emotion/unitless" "^0.7.5"
    classnames "^2.3.1"
    csstype "^3.0.10"
    rc-util "^5.27.0"
    stylis "^4.0.13"

"@ant-design/icons-svg@^4.2.1":
  version "4.2.1"
  resolved "https://registry.yarnpkg.com/@ant-design/icons-svg/-/icons-svg-4.2.1.tgz#8630da8eb4471a4aabdaed7d1ff6a97dcb2cf05a"
  integrity sha512-EB0iwlKDGpG93hW8f85CTJTs4SvMX7tt5ceupvhALp1IF44SeUFOMhKUOYqpsoYWQKAOuTRDMqn75rEaKDp0Xw==

"@ant-design/icons@^5.0.0":
  version "5.1.0"
  resolved "https://registry.yarnpkg.com/@ant-design/icons/-/icons-5.1.0.tgz#bf49df406f31ad2a613d35d3929daf2336279298"
  integrity sha512-s7NJeBY2NS44+sAhpgaxtgvBda81vpVxLPXXdCWNXwIVR8T7DdhDsSZqqVMPlZwCKwRo89ksWhFifZo0Ulgxdw==
  dependencies:
    "@ant-design/colors" "^7.0.0"
    "@ant-design/icons-svg" "^4.2.1"
    "@babel/runtime" "^7.11.2"
    classnames "^2.2.6"
    rc-util "^5.9.4"

"@ant-design/react-slick@~1.0.0":
  version "1.0.1"
  resolved "https://registry.yarnpkg.com/@ant-design/react-slick/-/react-slick-1.0.1.tgz#af10e67ef9a233df5610c36313a5c804ccc2ae6b"
  integrity sha512-ARM0TmpGdDuUVE10NwUCENQlJSInNKo5NiBjL5szu5BxWNEHNwQMcDrlVCqFbkvFLy+2CvywW8Y59QJtC0YDag==
  dependencies:
    "@babel/runtime" "^7.10.4"
    classnames "^2.2.5"
    json2mq "^0.2.0"
    resize-observer-polyfill "^1.5.1"
    throttle-debounce "^5.0.0"

"@babel/runtime@^7.10.1", "@babel/runtime@^7.10.4", "@babel/runtime@^7.11.1", "@babel/runtime@^7.11.2", "@babel/runtime@^7.12.5", "@babel/runtime@^7.16.7", "@babel/runtime@^7.18.0", "@babel/runtime@^7.18.3", "@babel/runtime@^7.20.0", "@babel/runtime@^7.20.7", "@babel/runtime@^7.21.0":
  version "7.21.5"
  resolved "https://registry.yarnpkg.com/@babel/runtime/-/runtime-7.21.5.tgz#8492dddda9644ae3bda3b45eabe87382caee7200"
  integrity sha512-8jI69toZqqcsnqGGqwGS4Qb1VwLOEp4hz+CXPywcvjs60u3B4Pom/U/7rm4W8tMOYEB+E9wgD0mW1l3r8qlI9Q==
  dependencies:
    regenerator-runtime "^0.13.11"

"@ctrl/tinycolor@^3.4.0", "@ctrl/tinycolor@^3.6.0":
  version "3.6.0"
  resolved "https://registry.yarnpkg.com/@ctrl/tinycolor/-/tinycolor-3.6.0.tgz#53fa5fe9c34faee89469e48f91d51a3766108bc8"
  integrity sha512-/Z3l6pXthq0JvMYdUFyX9j0MaCltlIn6mfh9jLyQwg5aPKxkyNa0PTHtU1AlFXLNk55ZuAeJRcpvq+tmLfKmaQ==

"@emotion/hash@^0.8.0":
  version "0.8.0"
  resolved "https://registry.yarnpkg.com/@emotion/hash/-/hash-0.8.0.tgz#bbbff68978fefdbe68ccb533bc8cbe1d1afb5413"
  integrity sha512-kBJtf7PH6aWwZ6fka3zQ0p6SBYzx4fl1LoZXE2RrnYST9Xljm7WfKJrU4g/Xr3Beg72MLrp1AWNUmuYJTL7Cow==

"@emotion/unitless@^0.7.5":
  version "0.7.5"
  resolved "https://registry.yarnpkg.com/@emotion/unitless/-/unitless-0.7.5.tgz#77211291c1900a700b8a78cfafda3160d76949ed"
  integrity sha512-OWORNpfjMsSSUBVrRBVGECkhWcULOAJz9ZW8uK9qgxD+87M7jHRcvh/A96XXNhXTLmKcoYSQtBEX7lHMO7YRwg==

"@rc-component/color-picker@~1.0.0":
  version "1.0.2"
  resolved "https://registry.yarnpkg.com/@rc-component/color-picker/-/color-picker-1.0.2.tgz#2bf26cba97816ab2201c39bd71933471b8d8cfc2"
  integrity sha512-pf/4AJXzL6SmDwvrqYjJIdSIn5I2WQ5iOD6reM2BA4hiAKYbxxGYUiq5y6pgEH2jMDWLEjInzMYwaUo3186sCQ==
  dependencies:
    "@babel/runtime" "^7.10.1"
    "@ctrl/tinycolor" "^3.6.0"
    "@rc-component/context" "^1.3.0"
    "@rc-component/trigger" "^1.10.2"
    classnames "^2.2.6"

"@rc-component/context@^1.3.0":
  version "1.3.0"
  resolved "https://registry.yarnpkg.com/@rc-component/context/-/context-1.3.0.tgz#608ccf0abcbec9406751b17a4b35db08e481c110"
  integrity sha512-6QdaCJ7Wn5UZLJs15IEfqy4Ru3OaL5ctqpQYWd5rlfV9wwzrzdt6+kgAQZV/qdB0MUPN4nhyBfRembQCIvBf+w==
  dependencies:
    "@babel/runtime" "^7.10.1"
    rc-util "^5.27.0"

"@rc-component/mini-decimal@^1.0.1":
  version "1.0.1"
  resolved "https://registry.yarnpkg.com/@rc-component/mini-decimal/-/mini-decimal-1.0.1.tgz#e5dbc20a6a5b0e234d279bc71ce730ab865d3910"
  integrity sha512-9N8nRk0oKj1qJzANKl+n9eNSMUGsZtjwNuDCiZ/KA+dt1fE3zq5x2XxclRcAbOIXnZcJ53ozP2Pa60gyELXagA==
  dependencies:
    "@babel/runtime" "^7.18.0"

"@rc-component/mutate-observer@^1.0.0":
  version "1.0.0"
  resolved "https://registry.yarnpkg.com/@rc-component/mutate-observer/-/mutate-observer-1.0.0.tgz#ce99af3239ed9c74ee3e7302f1c67098de920b46"
  integrity sha512-okqRJSfNisXdI6CUeOLZC5ukBW/8kir2Ii4PJiKpUt+3+uS7dxwJUMxsUZquxA1rQuL8YcEmKVp/TCnR+yUdZA==
  dependencies:
    "@babel/runtime" "^7.18.0"
    classnames "^2.3.2"
    rc-util "^5.24.4"

"@rc-component/portal@^1.0.0-6", "@rc-component/portal@^1.0.0-8", "@rc-component/portal@^1.0.0-9", "@rc-component/portal@^1.0.2", "@rc-component/portal@^1.1.0":
  version "1.1.1"
  resolved "https://registry.yarnpkg.com/@rc-component/portal/-/portal-1.1.1.tgz#1a30ffe51c240b54360cba8e8bfc5d1f559325c4"
  integrity sha512-m8w3dFXX0H6UkJ4wtfrSwhe2/6M08uz24HHrF8pWfAXPwA9hwCuTE5per/C86KwNLouRpwFGcr7LfpHaa1F38g==
  dependencies:
    "@babel/runtime" "^7.18.0"
    classnames "^2.3.2"
    rc-util "^5.24.4"

"@rc-component/tour@~1.8.0":
  version "1.8.0"
  resolved "https://registry.yarnpkg.com/@rc-component/tour/-/tour-1.8.0.tgz#fda8b533e36db1d4254e3ffbcefe3395c346eb1c"
  integrity sha512-rrRGioHTLQlGca27G2+lw7QpRb3uuMYCUIJjj31/B44VCJS0P2tqYhOgtzvWQmaLMlWH3ZlpzotkKX13NT4XEA==
  dependencies:
    "@babel/runtime" "^7.18.0"
    "@rc-component/portal" "^1.0.0-9"
    "@rc-component/trigger" "^1.3.6"
    classnames "^2.3.2"
    rc-util "^5.24.4"

"@rc-component/trigger@^1.0.4", "@rc-component/trigger@^1.10.2", "@rc-component/trigger@^1.12.0", "@rc-component/trigger@^1.3.6", "@rc-component/trigger@^1.5.0", "@rc-component/trigger@^1.7.0":
  version "1.13.0"
  resolved "https://registry.yarnpkg.com/@rc-component/trigger/-/trigger-1.13.0.tgz#ba7e1f3b36ec6fbcb2ec382d11b80ae15f23e46d"
  integrity sha512-3HEafu2+glZQn0LcW7DAMbYqVMOP5/MM37ta+AWA3kVOMyWlHos9QMUhxUgMzKCYzSY+W87W9ysf/ZXjHo4lOQ==
  dependencies:
    "@babel/runtime" "^7.18.3"
    "@rc-component/portal" "^1.1.0"
    classnames "^2.3.2"
    rc-align "^4.0.0"
    rc-motion "^2.0.0"
    rc-resize-observer "^1.3.1"
    rc-util "^5.29.2"

antd@^5.5.0:
  version "5.5.0"
  resolved "https://registry.yarnpkg.com/antd/-/antd-5.5.0.tgz#ec14a8cce5146892131753e7be365ce2f3bcad5a"
  integrity sha512-/9ZJPsTDUmh+n+A+T0mGJQfbzHB7elpI0hBlUYq6Pshld65VHwaodgVBe33KXKmM9MdmHj+V8fPg1SB8S4LoGA==
  dependencies:
    "@ant-design/colors" "^7.0.0"
    "@ant-design/cssinjs" "^1.9.1"
    "@ant-design/icons" "^5.0.0"
    "@ant-design/react-slick" "~1.0.0"
    "@babel/runtime" "^7.18.3"
    "@ctrl/tinycolor" "^3.6.0"
    "@rc-component/color-picker" "~1.0.0"
    "@rc-component/mutate-observer" "^1.0.0"
    "@rc-component/tour" "~1.8.0"
    "@rc-component/trigger" "^1.12.0"
    classnames "^2.2.6"
    copy-to-clipboard "^3.2.0"
    dayjs "^1.11.1"
    qrcode.react "^3.1.0"
    rc-cascader "~3.11.2"
    rc-checkbox "~3.0.0"
    rc-collapse "~3.5.2"
    rc-dialog "~9.1.0"
    rc-drawer "~6.1.1"
    rc-dropdown "~4.1.0"
    rc-field-form "~1.31.0"
    rc-image "~5.16.0"
    rc-input "~1.0.4"
    rc-input-number "~7.4.0"
    rc-mentions "~2.2.0"
    rc-menu "~9.8.3"
    rc-motion "^2.7.3"
    rc-notification "~5.0.4"
    rc-pagination "~3.3.1"
    rc-picker "~3.7.4"
    rc-progress "~3.4.1"
    rc-rate "~2.10.0"
    rc-resize-observer "^1.2.0"
    rc-segmented "~2.2.0"
    rc-select "~14.4.3"
    rc-slider "~10.1.0"
    rc-steps "~6.0.0"
    rc-switch "~4.1.0"
    rc-table "~7.32.1"
    rc-tabs "~12.6.0"
    rc-textarea "~1.2.2"
    rc-tooltip "~6.0.0"
    rc-tree "~5.7.0"
    rc-tree-select "~5.8.0"
    rc-upload "~4.3.0"
    rc-util "^5.27.0"
    scroll-into-view-if-needed "^3.0.3"
    throttle-debounce "^5.0.0"

array-tree-filter@^2.1.0:
  version "2.1.0"
  resolved "https://registry.yarnpkg.com/array-tree-filter/-/array-tree-filter-2.1.0.tgz#873ac00fec83749f255ac8dd083814b4f6329190"
  integrity sha512-4ROwICNlNw/Hqa9v+rk5h22KjmzB1JGTMVKP2AKJBOCgb0yL0ASf0+YvCcLNNwquOHNX48jkeZIJ3a+oOQqKcw==

async-validator@^4.1.0:
  version "4.2.5"
  resolved "https://registry.yarnpkg.com/async-validator/-/async-validator-4.2.5.tgz#c96ea3332a521699d0afaaceed510a54656c6339"
  integrity sha512-7HhHjtERjqlNbZtqNqy2rckN/SpOOlmDliet+lP7k+eKZEjPk3DgyeU9lIXLdeLz0uBbbVp+9Qdow9wJWgwwfg==

classnames@2.x, classnames@^2.2.1, classnames@^2.2.3, classnames@^2.2.5, classnames@^2.2.6, classnames@^2.3.1, classnames@^2.3.2:
  version "2.3.2"
  resolved "https://registry.yarnpkg.com/classnames/-/classnames-2.3.2.tgz#351d813bf0137fcc6a76a16b88208d2560a0d924"
  integrity sha512-CSbhY4cFEJRe6/GQzIk5qXZ4Jeg5pcsP7b5peFSDpffpe1cqjASH/n9UTjBwOp6XpMSTwQ8Za2K5V02ueA7Tmw==

compute-scroll-into-view@^3.0.2:
  version "3.0.3"
  resolved "https://registry.yarnpkg.com/compute-scroll-into-view/-/compute-scroll-into-view-3.0.3.tgz#c418900a5c56e2b04b885b54995df164535962b1"
  integrity sha512-nadqwNxghAGTamwIqQSG433W6OADZx2vCo3UXHNrzTRHK/htu+7+L0zhjEoaeaQVNAi3YgqWDv8+tzf0hRfR+A==

copy-to-clipboard@^3.2.0:
  version "3.3.3"
  resolved "https://registry.yarnpkg.com/copy-to-clipboard/-/copy-to-clipboard-3.3.3.tgz#55ac43a1db8ae639a4bd99511c148cdd1b83a1b0"
  integrity sha512-2KV8NhB5JqC3ky0r9PMCAZKbUHSwtEo4CwCs0KXgruG43gX5PMqDEBbVU4OUzw2MuAWUfsuFmWvEKG5QRfSnJA==
  dependencies:
    toggle-selection "^1.0.6"

csstype@^3.0.10:
  version "3.1.2"
  resolved "https://registry.yarnpkg.com/csstype/-/csstype-3.1.2.tgz#1d4bf9d572f11c14031f0436e1c10bc1f571f50b"
  integrity sha512-I7K1Uu0MBPzaFKg4nI5Q7Vs2t+3gWWW648spaF+Rg7pI9ds18Ugn+lvg4SHczUdKlHI5LWBXyqfS8+DufyBsgQ==

dayjs@^1.11.1:
  version "1.11.7"
  resolved "https://registry.yarnpkg.com/dayjs/-/dayjs-1.11.7.tgz#4b296922642f70999544d1144a2c25730fce63e2"
  integrity sha512-+Yw9U6YO5TQohxLcIkrXBeY73WP3ejHWVvx8XCk3gxvQDCTEmS48ZrSZCKciI7Bhl/uCMyxYtE9UqRILmFphkQ==

dom-align@^1.7.0:
  version "1.12.4"
  resolved "https://registry.yarnpkg.com/dom-align/-/dom-align-1.12.4.tgz#3503992eb2a7cfcb2ed3b2a6d21e0b9c00d54511"
  integrity sha512-R8LUSEay/68zE5c8/3BDxiTEvgb4xZTF0RKmAHfiEVN3klfIpXfi2/QCoiWPccVQ0J/ZGdz9OjzL4uJEP/MRAw==

json2mq@^0.2.0:
  version "0.2.0"
  resolved "https://registry.yarnpkg.com/json2mq/-/json2mq-0.2.0.tgz#b637bd3ba9eabe122c83e9720483aeb10d2c904a"
  integrity sha512-SzoRg7ux5DWTII9J2qkrZrqV1gt+rTaoufMxEzXbS26Uid0NwaJd123HcoB80TgubEppxxIGdNxCx50fEoEWQA==
  dependencies:
    string-convert "^0.2.0"

moment@^2.29.4:
  version "2.29.4"
  resolved "https://registry.yarnpkg.com/moment/-/moment-2.29.4.tgz#3dbe052889fe7c1b2ed966fcb3a77328964ef108"
  integrity sha512-5LC9SOxjSc2HF6vO2CyuTDNivEdoz2IvyJJGj6X8DJ0eFyfszE0QiEd+iXmBvUP3WHxSjFH/vIsA0EN00cgr8w==

qrcode.react@^3.1.0:
  version "3.1.0"
  resolved "https://registry.yarnpkg.com/qrcode.react/-/qrcode.react-3.1.0.tgz#5c91ddc0340f768316fbdb8fff2765134c2aecd8"
  integrity sha512-oyF+Urr3oAMUG/OiOuONL3HXM+53wvuH3mtIWQrYmsXoAq0DkvZp2RYUWFSMFtbdOpuS++9v+WAkzNVkMlNW6Q==

rc-align@^4.0.0:
  version "4.0.15"
  resolved "https://registry.yarnpkg.com/rc-align/-/rc-align-4.0.15.tgz#2bbd665cf85dfd0b0244c5a752b07565e9098577"
  integrity sha512-wqJtVH60pka/nOX7/IspElA8gjPNQKIx/ZqJ6heATCkXpe1Zg4cPVrMD2vC96wjsFFL8WsmhPbx9tdMo1qqlIA==
  dependencies:
    "@babel/runtime" "^7.10.1"
    classnames "2.x"
    dom-align "^1.7.0"
    rc-util "^5.26.0"
    resize-observer-polyfill "^1.5.1"

rc-cascader@~3.11.2:
  version "3.11.2"
  resolved "https://registry.yarnpkg.com/rc-cascader/-/rc-cascader-3.11.2.tgz#47c03fc91d6cfc02c74ee2b885754156ffa005d3"
  integrity sha512-/3cRLgC3KKcCzBtZVUBzZmxL4gkFulC1YBWuVbzA8ICrhT82bMlY4DMvgPxyNwBgWBlrdE3NDKzqcut0QVzZrQ==
  dependencies:
    "@babel/runtime" "^7.12.5"
    array-tree-filter "^2.1.0"
    classnames "^2.3.1"
    rc-select "~14.4.0"
    rc-tree "~5.7.0"
    rc-util "^5.6.1"

rc-checkbox@~3.0.0:
  version "3.0.1"
  resolved "https://registry.yarnpkg.com/rc-checkbox/-/rc-checkbox-3.0.1.tgz#f978771329be339d479cd81465eb2e2f8c82bc87"
  integrity sha512-k7nxDWxYF+jDI0ZcCvuvj71xONmWRVe5+1MKcERRR9MRyP3tZ69b+yUCSXXh+sik4/Hc9P5wHr2nnUoGS2zBjA==
  dependencies:
    "@babel/runtime" "^7.10.1"
    classnames "^2.3.2"
    rc-util "^5.25.2"

rc-collapse@~3.5.2:
  version "3.5.2"
  resolved "https://registry.yarnpkg.com/rc-collapse/-/rc-collapse-3.5.2.tgz#abb7d144ad55bd9cbd201fa95bc5b271da2aa7c3"
  integrity sha512-/TNiT3DW1t3sUCiVD/DPUYooJZ3BLA93/2rZsB3eM2bGJCCla2X9D2E4tgm7LGMQGy5Atb2lMUn2FQuvQNvavQ==
  dependencies:
    "@babel/runtime" "^7.10.1"
    classnames "2.x"
    rc-motion "^2.3.4"
    rc-util "^5.27.0"

rc-dialog@~9.1.0:
  version "9.1.0"
  resolved "https://registry.yarnpkg.com/rc-dialog/-/rc-dialog-9.1.0.tgz#6bf6fcc0453503b7643e54a5a445e835e3850649"
  integrity sha512-5ry+JABAWEbaKyYsmITtrJbZbJys8CtMyzV8Xn4LYuXMeUx5XVHNyJRoqLFE4AzBuXXzOWeaC49cg+XkxK6kHA==
  dependencies:
    "@babel/runtime" "^7.10.1"
    "@rc-component/portal" "^1.0.0-8"
    classnames "^2.2.6"
    rc-motion "^2.3.0"
    rc-util "^5.21.0"

rc-drawer@~6.1.1:
  version "6.1.5"
  resolved "https://registry.yarnpkg.com/rc-drawer/-/rc-drawer-6.1.5.tgz#c4137b944c16b7c179d0dba6f06ebe54f9311ec8"
  integrity sha512-MDRomQXFi+tvDuwsRAddJ2Oy2ayLCZ29weMzp3rJFO9UNEVLEVV7nuyx5lEgNJIdM//tE6wWQV95cTUiMVqD6w==
  dependencies:
    "@babel/runtime" "^7.10.1"
    "@rc-component/portal" "^1.0.0-6"
    classnames "^2.2.6"
    rc-motion "^2.6.1"
    rc-util "^5.21.2"

rc-dropdown@~4.1.0:
  version "4.1.0"
  resolved "https://registry.yarnpkg.com/rc-dropdown/-/rc-dropdown-4.1.0.tgz#418a68939631520de80d0865d02b440eeeb4168e"
  integrity sha512-VZjMunpBdlVzYpEdJSaV7WM7O0jf8uyDjirxXLZRNZ+tAC+NzD3PXPEtliFwGzVwBBdCmGuSqiS9DWcOLxQ9tw==
  dependencies:
    "@babel/runtime" "^7.18.3"
    "@rc-component/trigger" "^1.7.0"
    classnames "^2.2.6"
    rc-util "^5.17.0"

rc-field-form@~1.31.0:
  version "1.31.0"
  resolved "https://registry.yarnpkg.com/rc-field-form/-/rc-field-form-1.31.0.tgz#c48a6a362bb37fab1fda3474753abc7b73e873df"
  integrity sha512-3u6crithuSQMfHaDL3rMvzjG5oXJQIgCTxDfT0pJL9kI/C2LWuR8GrApzOvB9gKcf8VvvnejzmSPnsUJz4YGmQ==
  dependencies:
    "@babel/runtime" "^7.18.0"
    async-validator "^4.1.0"
    rc-util "^5.8.0"

rc-image@~5.16.0:
  version "5.16.0"
  resolved "https://registry.yarnpkg.com/rc-image/-/rc-image-5.16.0.tgz#79d5864bc1c5d66c4620176cc131d34cd4f4bea8"
  integrity sha512-11DOye57IgTXh2yTsmxFNynZJG3tdx8RZnnaqb38eYWrBPPyhVHIuURxyiSZ8B68lEUAggR7SBA0Zb95KP/CyQ==
  dependencies:
    "@babel/runtime" "^7.11.2"
    "@rc-component/portal" "^1.0.2"
    classnames "^2.2.6"
    rc-dialog "~9.1.0"
    rc-motion "^2.6.2"
    rc-util "^5.0.6"

rc-input-number@~7.4.0:
  version "7.4.2"
  resolved "https://registry.yarnpkg.com/rc-input-number/-/rc-input-number-7.4.2.tgz#7c52d26b986461aa16e486d469dc0476d97c6ea3"
  integrity sha512-yGturTw7WGP+M1GbJ+UTAO7L4buxeW6oilhL9Sq3DezsRS8/9qec4UiXUbeoiX9bzvRXH11JvgskBtxSp4YSNg==
  dependencies:
    "@babel/runtime" "^7.10.1"
    "@rc-component/mini-decimal" "^1.0.1"
    classnames "^2.2.5"
    rc-util "^5.28.0"

rc-input@~1.0.0, rc-input@~1.0.4:
  version "1.0.4"
  resolved "https://registry.yarnpkg.com/rc-input/-/rc-input-1.0.4.tgz#2f2c73c884f41e80685bb2eb7b9d5533e8540a77"
  integrity sha512-clY4oneVHRtKHYf/HCxT/MO+4BGzCIywSNLosXWOm7fcQAS0jQW7n0an8Raa8JMB8kpxc8m28p7SNwFZmlMj6g==
  dependencies:
    "@babel/runtime" "^7.11.1"
    classnames "^2.2.1"
    rc-util "^5.18.1"

rc-mentions@~2.2.0:
  version "2.2.0"
  resolved "https://registry.yarnpkg.com/rc-mentions/-/rc-mentions-2.2.0.tgz#27900ec04d067c58205309897efd190f5d8f4ac8"
  integrity sha512-R7ncCldr02uKgJBBPlXdtnOGQIjZ9C3uoIMi4fabU3CPFdmefYlNF6QM4u2AzgcGt8V0KkoHTN5T6HPdUpet8g==
  dependencies:
    "@babel/runtime" "^7.10.1"
    "@rc-component/trigger" "^1.5.0"
    classnames "^2.2.6"
    rc-input "~1.0.0"
    rc-menu "~9.8.0"
    rc-textarea "~1.2.0"
    rc-util "^5.22.5"

rc-menu@~9.8.0, rc-menu@~9.8.3:
  version "9.8.4"
  resolved "https://registry.yarnpkg.com/rc-menu/-/rc-menu-9.8.4.tgz#58bf19d471e3c74ff4bcfdb0f02a3826ebe2553b"
  integrity sha512-lmw2j8I2fhdIzHmC9ajfImfckt0WDb2KVJJBBRIsxPEw2kGkEfjLMUoB1NgiNT/Q5cC8PdjGOGQjHJIJMwyNMw==
  dependencies:
    "@babel/runtime" "^7.10.1"
    classnames "2.x"
    rc-motion "^2.4.3"
    rc-overflow "^1.2.8"
    rc-trigger "^5.1.2"
    rc-util "^5.27.0"

rc-motion@^2.0.0, rc-motion@^2.0.1, rc-motion@^2.3.0, rc-motion@^2.3.4, rc-motion@^2.4.3, rc-motion@^2.4.4, rc-motion@^2.6.0, rc-motion@^2.6.1, rc-motion@^2.6.2, rc-motion@^2.7.3:
  version "2.7.3"
  resolved "https://registry.yarnpkg.com/rc-motion/-/rc-motion-2.7.3.tgz#126155bb3e687174fb3b92fddade2835c963b04d"
  integrity sha512-2xUvo8yGHdOHeQbdI8BtBsCIrWKchEmFEIskf0nmHtJsou+meLd/JE+vnvSX2JxcBrJtXY2LuBpxAOxrbY/wMQ==
  dependencies:
    "@babel/runtime" "^7.11.1"
    classnames "^2.2.1"
    rc-util "^5.21.0"

rc-notification@~5.0.4:
  version "5.0.4"
  resolved "https://registry.yarnpkg.com/rc-notification/-/rc-notification-5.0.4.tgz#4ad33d4aa291528fee9095b0be80ae41f1728a38"
  integrity sha512-3535oellIRlt1LspERfK8yvCqb8Gio3R02rULciaSc1xe3H7ArTU/khlUTv1ddGzua4HhmF4D4Rwz/+mBxETvg==
  dependencies:
    "@babel/runtime" "^7.10.1"
    classnames "2.x"
    rc-motion "^2.6.0"
    rc-util "^5.20.1"

rc-overflow@^1.0.0, rc-overflow@^1.2.8:
  version "1.3.0"
  resolved "https://registry.yarnpkg.com/rc-overflow/-/rc-overflow-1.3.0.tgz#964f7db14aab611c3047788d3b8ee472732fee09"
  integrity sha512-p2Qt4SWPTHAYl4oAao1THy669Fm5q8pYBDBHRaFOekCvcdcrgIx0ByXQMEkyPm8wUDX4BK6aARWecvCRc/7CTA==
  dependencies:
    "@babel/runtime" "^7.11.1"
    classnames "^2.2.1"
    rc-resize-observer "^1.0.0"
    rc-util "^5.19.2"

rc-pagination@~3.3.1:
  version "3.3.1"
  resolved "https://registry.yarnpkg.com/rc-pagination/-/rc-pagination-3.3.1.tgz#38e364674adf2a753a4fa26e0d9d88ebe523ed0f"
  integrity sha512-eI4dSeB3OrFxll7KzWa3ZH63LV2tHxt0AUmZmDwuI6vc3CK5lZhaKUYq0fRowb5586hN+L26j5WZoSz9cwEfjg==
  dependencies:
    "@babel/runtime" "^7.10.1"
    classnames "^2.2.1"

rc-picker@~3.7.4:
  version "3.7.4"
  resolved "https://registry.yarnpkg.com/rc-picker/-/rc-picker-3.7.4.tgz#3aaa074f71eebb1bd2d2e5e78dd64d6fe6056ca4"
  integrity sha512-V7oztqbIDCLjgOTHZ8ke68VN9IeQIwOpCMGjrsxuOhlq76xe9C21lePe+H0H29Obc/8s0a3+plk3cRWq4g7InA==
  dependencies:
    "@babel/runtime" "^7.10.1"
    "@rc-component/trigger" "^1.5.0"
    classnames "^2.2.1"
    rc-util "^5.30.0"

rc-progress@~3.4.1:
  version "3.4.1"
  resolved "https://registry.yarnpkg.com/rc-progress/-/rc-progress-3.4.1.tgz#a9ffe099e88a4fc03afb09d8603162bf0760d743"
  integrity sha512-eAFDHXlk8aWpoXl0llrenPMt9qKHQXphxcVsnKs0FHC6eCSk1ebJtyaVjJUzKe0233ogiLDeEFK1Uihz3s67hw==
  dependencies:
    "@babel/runtime" "^7.10.1"
    classnames "^2.2.6"
    rc-util "^5.16.1"

rc-rate@~2.10.0:
  version "2.10.0"
  resolved "https://registry.yarnpkg.com/rc-rate/-/rc-rate-2.10.0.tgz#b16fd906c13bfc26b4776e27a14d13d06d50c635"
  integrity sha512-TCjEpKPeN1m0EnGDDbb1KyxjNTJRzoReiPdtbrBJEey4Ryf/UGOQ6vqmz2yC6DJdYVDVUoZPdoz043ryh0t/nQ==
  dependencies:
    "@babel/runtime" "^7.10.1"
    classnames "^2.2.5"
    rc-util "^5.0.1"

rc-resize-observer@^1.0.0, rc-resize-observer@^1.1.0, rc-resize-observer@^1.2.0, rc-resize-observer@^1.3.1:
  version "1.3.1"
  resolved "https://registry.yarnpkg.com/rc-resize-observer/-/rc-resize-observer-1.3.1.tgz#b61b9f27048001243617b81f95e53d7d7d7a6a3d"
  integrity sha512-iFUdt3NNhflbY3mwySv5CA1TC06zdJ+pfo0oc27xpf4PIOvfZwZGtD9Kz41wGYqC4SLio93RVAirSSpYlV/uYg==
  dependencies:
    "@babel/runtime" "^7.20.7"
    classnames "^2.2.1"
    rc-util "^5.27.0"
    resize-observer-polyfill "^1.5.1"

rc-segmented@~2.2.0:
  version "2.2.0"
  resolved "https://registry.yarnpkg.com/rc-segmented/-/rc-segmented-2.2.0.tgz#a0d59cd146d0d18d9b5e6ffcea5fdd49b26b2a40"
  integrity sha512-654FffeZUVmG1cTPmMqQWhp81vw7MXBYuC1Z8l8lkjfJaFdxEd3nvcqEpaVCD7jW3083C/Inc0awiu4TO3IhMw==
  dependencies:
    "@babel/runtime" "^7.11.1"
    classnames "^2.2.1"
    rc-motion "^2.4.4"
    rc-util "^5.17.0"

rc-select@~14.4.0, rc-select@~14.4.3:
  version "14.4.3"
  resolved "https://registry.yarnpkg.com/rc-select/-/rc-select-14.4.3.tgz#68d7f1b6bcb41543f69901951facd5e097fb835d"
  integrity sha512-qoz4gNqm3SN+4dYKSCRiRkxKSEEdbS3jC6gdFYoYwEjDZ9sdQFo5jHlfQbF+hhai01HOoj1Hf8Gq6tpUvU+Gmw==
  dependencies:
    "@babel/runtime" "^7.10.1"
    "@rc-component/trigger" "^1.5.0"
    classnames "2.x"
    rc-motion "^2.0.1"
    rc-overflow "^1.0.0"
    rc-util "^5.16.1"
    rc-virtual-list "^3.4.13"

rc-slider@~10.1.0:
  version "10.1.1"
  resolved "https://registry.yarnpkg.com/rc-slider/-/rc-slider-10.1.1.tgz#5e82036e60b61021aba3ea0e353744dd7c74e104"
  integrity sha512-gn8oXazZISEhnmRinI89Z/JD/joAaM35jp+gDtIVSTD/JJMCCBqThqLk1SVJmvtfeiEF/kKaFY0+qt4SDHFUDw==
  dependencies:
    "@babel/runtime" "^7.10.1"
    classnames "^2.2.5"
    rc-util "^5.27.0"

rc-steps@~6.0.0:
  version "6.0.0"
  resolved "https://registry.yarnpkg.com/rc-steps/-/rc-steps-6.0.0.tgz#f7148f8097d5d135f19b96c1b4f4b50ad6093753"
  integrity sha512-+KfMZIty40mYCQSDvYbZ1jwnuObLauTiIskT1hL4FFOBHP6ZOr8LK0m143yD3kEN5XKHSEX1DIwCj3AYZpoeNQ==
  dependencies:
    "@babel/runtime" "^7.16.7"
    classnames "^2.2.3"
    rc-util "^5.16.1"

rc-switch@~4.1.0:
  version "4.1.0"
  resolved "https://registry.yarnpkg.com/rc-switch/-/rc-switch-4.1.0.tgz#f37d81b4e0c5afd1274fd85367b17306bf25e7d7"
  integrity sha512-TI8ufP2Az9oEbvyCeVE4+90PDSljGyuwix3fV58p7HV2o4wBnVToEyomJRVyTaZeqNPAp+vqeo4Wnj5u0ZZQBg==
  dependencies:
    "@babel/runtime" "^7.21.0"
    classnames "^2.2.1"
    rc-util "^5.30.0"

rc-table@~7.32.1:
  version "7.32.1"
  resolved "https://registry.yarnpkg.com/rc-table/-/rc-table-7.32.1.tgz#7130a94727ac3870a6ddb9778b6f8496e388bce0"
  integrity sha512-fHMQteKMocUC9I9Vex3eBLH7QsiaMR/qtzh3B1Ty2PoNGwVTwVdDFyRL05zch+JU3KnNNczgQeVvtf/p//gdrQ==
  dependencies:
    "@babel/runtime" "^7.10.1"
    "@rc-component/context" "^1.3.0"
    classnames "^2.2.5"
    rc-resize-observer "^1.1.0"
    rc-util "^5.27.1"

rc-tabs@~12.6.0:
  version "12.6.0"
  resolved "https://registry.yarnpkg.com/rc-tabs/-/rc-tabs-12.6.0.tgz#b69547cb6d48004e202d5bd15b03750536d2f24d"
  integrity sha512-L9yIptdrmft573MEsc+xKoGbXzfg3V6NYvgT0sNh+PSzWaeF34W7CIPi98lcWjtsYB80oFMOcAXRilUFxLHTaA==
  dependencies:
    "@babel/runtime" "^7.11.2"
    classnames "2.x"
    rc-dropdown "~4.1.0"
    rc-menu "~9.8.0"
    rc-motion "^2.6.2"
    rc-resize-observer "^1.0.0"
    rc-util "^5.16.0"

rc-textarea@~1.2.0, rc-textarea@~1.2.2:
  version "1.2.3"
  resolved "https://registry.yarnpkg.com/rc-textarea/-/rc-textarea-1.2.3.tgz#bdaea2931ad2571583e9e27e627b8a9b5dbe7de7"
  integrity sha512-YvN8IskIVBRRzcS4deT0VAMim31+T3IoVX4yoCJ+b/iVCvw7yf0usR7x8OaHiUOUoURKcn/3lfGjmtzplcy99g==
  dependencies:
    "@babel/runtime" "^7.10.1"
    classnames "^2.2.1"
    rc-input "~1.0.4"
    rc-resize-observer "^1.0.0"
    rc-util "^5.27.0"

rc-tooltip@~6.0.0:
  version "6.0.1"
  resolved "https://registry.yarnpkg.com/rc-tooltip/-/rc-tooltip-6.0.1.tgz#6a5e33bd6c3f6afe8851ea90e7af43e5c26b3cc6"
  integrity sha512-MdvPlsD1fDSxKp9+HjXrc/CxLmA/s11QYIh1R7aExxfodKP7CZA++DG1AjrW80F8IUdHYcR43HAm0Y2BYPelHA==
  dependencies:
    "@babel/runtime" "^7.11.2"
    "@rc-component/trigger" "^1.0.4"
    classnames "^2.3.1"

rc-tree-select@~5.8.0:
  version "5.8.0"
  resolved "https://registry.yarnpkg.com/rc-tree-select/-/rc-tree-select-5.8.0.tgz#b3d861b7b2111d3a96b56040b851d5e280d71c95"
  integrity sha512-NozrkVLR8k3cpx8R5/YFmJMptgOacR5zEQHZGMQg31bD6jEgGiJeOn2cGRI6x0Xdyvi1CSqCbUsIoqiej74wzw==
  dependencies:
    "@babel/runtime" "^7.10.1"
    classnames "2.x"
    rc-select "~14.4.0"
    rc-tree "~5.7.0"
    rc-util "^5.16.1"

rc-tree@~5.7.0:
  version "5.7.3"
  resolved "https://registry.yarnpkg.com/rc-tree/-/rc-tree-5.7.3.tgz#5da576ba87039486d59092eb4490831690b8b3b5"
  integrity sha512-Oql2S9+ZmT+mfTp5SNo1XM0QvkENjc0mPRFsHWRFSPuKird0OYMZZKmLznUJ+0aGDeFFWN42wiUZJtMFhrLgLw==
  dependencies:
    "@babel/runtime" "^7.10.1"
    classnames "2.x"
    rc-motion "^2.0.1"
    rc-util "^5.16.1"
    rc-virtual-list "^3.4.8"

rc-trigger@^5.1.2:
  version "5.3.4"
  resolved "https://registry.yarnpkg.com/rc-trigger/-/rc-trigger-5.3.4.tgz#6b4b26e32825677c837d1eb4d7085035eecf9a61"
  integrity sha512-mQv+vas0TwKcjAO2izNPkqR4j86OemLRmvL2nOzdP9OWNWA1ivoTt5hzFqYNW9zACwmTezRiN8bttrC7cZzYSw==
  dependencies:
    "@babel/runtime" "^7.18.3"
    classnames "^2.2.6"
    rc-align "^4.0.0"
    rc-motion "^2.0.0"
    rc-util "^5.19.2"

rc-upload@~4.3.0:
  version "4.3.4"
  resolved "https://registry.yarnpkg.com/rc-upload/-/rc-upload-4.3.4.tgz#83ff7d3867631c37adbfd72ea3d1fd7e97ca84af"
  integrity sha512-uVbtHFGNjHG/RyAfm9fluXB6pvArAGyAx8z7XzXXyorEgVIWj6mOlriuDm0XowDHYz4ycNK0nE0oP3cbFnzxiQ==
  dependencies:
    "@babel/runtime" "^7.18.3"
    classnames "^2.2.5"
    rc-util "^5.2.0"

rc-util@^5.0.1, rc-util@^5.0.6, rc-util@^5.15.0, rc-util@^5.16.0, rc-util@^5.16.1, rc-util@^5.17.0, rc-util@^5.18.1, rc-util@^5.19.2, rc-util@^5.2.0, rc-util@^5.20.1, rc-util@^5.21.0, rc-util@^5.21.2, rc-util@^5.22.5, rc-util@^5.24.4, rc-util@^5.25.2, rc-util@^5.26.0, rc-util@^5.27.0, rc-util@^5.27.1, rc-util@^5.28.0, rc-util@^5.29.2, rc-util@^5.30.0, rc-util@^5.6.1, rc-util@^5.8.0, rc-util@^5.9.4:
  version "5.30.0"
  resolved "https://registry.yarnpkg.com/rc-util/-/rc-util-5.30.0.tgz#76ae9019ff72a5b519ce51465cd77b2e451207e3"
  integrity sha512-uaWpF/CZGyXuhQG71MWxkU+0bWkPEgqZUxEv251Cu7p3kpHDNm5+Ygu/U8ux0a/zbfGW8PsKcJL0XVBOMrlIZg==
  dependencies:
    "@babel/runtime" "^7.18.3"
    react-is "^16.12.0"

rc-virtual-list@^3.4.13, rc-virtual-list@^3.4.8:
  version "3.5.1"
  resolved "https://registry.yarnpkg.com/rc-virtual-list/-/rc-virtual-list-3.5.1.tgz#f0b0fb38fb209922f50f44c30d04a27ac026f0ef"
  integrity sha512-LKeiurnV8vPNnZvaZLwyqTrkemjTo4W8ezjaiOuFbC1fU9hUWtJbou2zXXrXTY24zSTEYxaICuYnXzmyp6g/hQ==
  dependencies:
    "@babel/runtime" "^7.20.0"
    classnames "^2.2.6"
    rc-resize-observer "^1.0.0"
    rc-util "^5.15.0"

react-css-theme-switcher@^0.3.0:
  version "0.3.0"
  resolved "https://registry.yarnpkg.com/react-css-theme-switcher/-/react-css-theme-switcher-0.3.0.tgz#a527f52c378474cb74ee4d83867aa6face424400"
  integrity sha512-RV+fJ6mSbtsLOgIgeL4Q8MEH4Hyl72tQvGpCFBbk3ia6ie3KzXO1gfbKTV2q1ryP3hBpmyy1qrX+6E1f937A1A==

react-is@^16.12.0:
  version "16.13.1"
  resolved "https://registry.yarnpkg.com/react-is/-/react-is-16.13.1.tgz#789729a4dc36de2999dc156dd6c1d9c18cea56a4"
  integrity sha512-24e6ynE2H+OKt4kqsOvNd8kBpV65zoxbA4BVsEOB3ARVWQki/DHzaUoC5KuON/BiccDaCCTZBuOcfZs70kR8bQ==

regenerator-runtime@^0.13.11:
  version "0.13.11"
  resolved "https://registry.yarnpkg.com/regenerator-runtime/-/regenerator-runtime-0.13.11.tgz#f6dca3e7ceec20590d07ada785636a90cdca17f9"
  integrity sha512-kY1AZVr2Ra+t+piVaJ4gxaFaReZVH40AKNo7UCX6W+dEwBo/2oZJzqfuN1qLq1oL45o56cPaTXELwrTh8Fpggg==

resize-observer-polyfill@^1.5.1:
  version "1.5.1"
  resolved "https://registry.yarnpkg.com/resize-observer-polyfill/-/resize-observer-polyfill-1.5.1.tgz#0e9020dd3d21024458d4ebd27e23e40269810464"
  integrity sha512-LwZrotdHOo12nQuZlHEmtuXdqGoOD0OhaxopaNFxWzInpEgaLWoVuAMbTzixuosCx2nEG58ngzW3vxdWoxIgdg==

scroll-into-view-if-needed@^3.0.3:
  version "3.0.10"
  resolved "https://registry.yarnpkg.com/scroll-into-view-if-needed/-/scroll-into-view-if-needed-3.0.10.tgz#38fbfe770d490baff0fb2ba34ae3539f6ec44e13"
  integrity sha512-t44QCeDKAPf1mtQH3fYpWz8IM/DyvHLjs8wUvvwMYxk5moOqCzrMSxK6HQVD0QVmVjXFavoFIPRVrMuJPKAvtg==
  dependencies:
    compute-scroll-into-view "^3.0.2"

string-convert@^0.2.0:
  version "0.2.1"
  resolved "https://registry.yarnpkg.com/string-convert/-/string-convert-0.2.1.tgz#6982cc3049fbb4cd85f8b24568b9d9bf39eeff97"
  integrity sha512-u/1tdPl4yQnPBjnVrmdLo9gtuLvELKsAoRapekWggdiQNvvvum+jYF329d84NAa660KQw7pB2n36KrIKVoXa3A==

stylis@^4.0.13:
  version "4.2.0"
  resolved "https://registry.yarnpkg.com/stylis/-/stylis-4.2.0.tgz#79daee0208964c8fe695a42fcffcac633a211a51"
  integrity sha512-Orov6g6BB1sDfYgzWfTHDOxamtX1bE/zo104Dh9e6fqJ3PooipYyfJ0pUmrZO2wAvO8YbEyeFrkV91XTsGMSrw==

throttle-debounce@^5.0.0:
  version "5.0.0"
  resolved "https://registry.yarnpkg.com/throttle-debounce/-/throttle-debounce-5.0.0.tgz#a17a4039e82a2ed38a5e7268e4132d6960d41933"
  integrity sha512-2iQTSgkkc1Zyk0MeVrt/3BvuOXYPl/R8Z0U2xxo9rjwNciaHDG3R+Lm6dh4EeUci49DanvBnuqI6jshoQQRGEg==

toggle-selection@^1.0.6:
  version "1.0.6"
  resolved "https://registry.yarnpkg.com/toggle-selection/-/toggle-selection-1.0.6.tgz#6e45b1263f2017fa0acc7d89d78b15b8bf77da32"
  integrity sha512-BiZS+C1OS8g/q2RRbJmy59xpyghNBqrr6k5L/uKBGRsTfxmu3ffiRnd8mlGPUVayg8pvfi5urfnu8TU7DVOkLQ==
